{
  "pins" : [
    {
      "identity" : "swiftadditions",
      "kind" : "remoteSourceControl",
      "location" : "https://github.com/AdevintaSpain/SwiftAdditions.git",
      "state" : {
        "revision" : "f38e9c7a75bd34a39a21e37f44c22285a3977154",
        "version" : "1.2.0"
      }
    }
  ],
  "version" : 2
}
